
Microsoft Visual Studio Solution File, Format Version 12.00
# Visual Studio Version 17
VisualStudioVersion = 17.3.32929.385
MinimumVisualStudioVersion = 10.0.40219.1
Project("{FAE04EC0-301F-11D3-BF4B-00C04F79EFBC}") = "AppPruebaXamarin.Android", "AppPruebaXamarin\AppPruebaXamarin.Android\AppPruebaXamarin.Android.csproj", "{8E2E43D8-5B5D-4500-9858-D764058DF52E}"
EndProject
Project("{FAE04EC0-301F-11D3-BF4B-00C04F79EFBC}") = "AppPruebaXamarin", "AppPruebaXamarin\AppPruebaXamarin\AppPruebaXamarin.csproj", "{7D43BDFA-3429-463D-B044-BC55468905CC}"
EndProject
Global
	GlobalSection(SolutionConfigurationPlatforms) = preSolution
		Debug|Any CPU = Debug|Any CPU
		Release|Any CPU = Release|Any CPU
	EndGlobalSection
	GlobalSection(ProjectConfigurationPlatforms) = postSolution
		{8E2E43D8-5B5D-4500-9858-D764058DF52E}.Debug|Any CPU.ActiveCfg = Debug|Any CPU
		{8E2E43D8-5B5D-4500-9858-D764058DF52E}.Debug|Any CPU.Build.0 = Debug|Any CPU
		{8E2E43D8-5B5D-4500-9858-D764058DF52E}.Debug|Any CPU.Deploy.0 = Debug|Any CPU
		{8E2E43D8-5B5D-4500-9858-D764058DF52E}.Release|Any CPU.ActiveCfg = Release|Any CPU
		{8E2E43D8-5B5D-4500-9858-D764058DF52E}.Release|Any CPU.Build.0 = Release|Any CPU
		{8E2E43D8-5B5D-4500-9858-D764058DF52E}.Release|Any CPU.Deploy.0 = Release|Any CPU
		{7D43BDFA-3429-463D-B044-BC55468905CC}.Debug|Any CPU.ActiveCfg = Debug|Any CPU
		{7D43BDFA-3429-463D-B044-BC55468905CC}.Debug|Any CPU.Build.0 = Debug|Any CPU
		{7D43BDFA-3429-463D-B044-BC55468905CC}.Debug|Any CPU.Deploy.0 = Debug|Any CPU
		{7D43BDFA-3429-463D-B044-BC55468905CC}.Release|Any CPU.ActiveCfg = Release|Any CPU
		{7D43BDFA-3429-463D-B044-BC55468905CC}.Release|Any CPU.Build.0 = Release|Any CPU
		{7D43BDFA-3429-463D-B044-BC55468905CC}.Release|Any CPU.Deploy.0 = Release|Any CPU
	EndGlobalSection
	GlobalSection(SolutionProperties) = preSolution
		HideSolutionNode = FALSE
	EndGlobalSection
	GlobalSection(ExtensibilityGlobals) = postSolution
		SolutionGuid = {32D21B5E-AA70-44D0-9322-25D267ED73FB}
	EndGlobalSection
EndGlobal
